{
  "name": "mmochess",
  "version": "1.0.0",
  "lockfileVersion": 2,
  "requires": true,
  "packages": {
    "": {
      "name": "mmochess",
      "version": "1.0.0",
      "license": "ISC",
      "dependencies": {
        "grunt": "^0.4.3",
        "grunt-contrib-less": "1.0.1",
        "grunt-contrib-watch": "^0.5.3",
        "grunt-nunjucks": "^0.1.3",
        "nunjucks": "3.2.4"
      }
    },
    "node_modules/a-sync-waterfall": {
      "version": "1.0.1",
      "resolved": "https://registry.npmjs.org/a-sync-waterfall/-/a-sync-waterfall-1.0.1.tgz",
      "integrity": "sha512-RYTOHHdWipFUliRFMCS4X2Yn2X8M87V/OpSqWzKKOGhzqyUxzyVmhHDH9sAvG+ZuQf/TAOFsLCpMw09I1ufUnA=="
    },
    "node_modules/abbrev": {
      "version": "1.0.9",
      "license": "ISC"
    },
    "node_modules/amdefine": {
      "version": "1.0.0",
      "license": "BSD-3-Clause AND MIT",
      "optional": true,
      "engines": {
        "node": ">=0.4.2"
      }
    },
    "node_modules/ansi-regex": {
      "version": "0.2.1",
      "license": "MIT",
      "engines": {
        "node": ">=0.10.0"
      }
    },
    "node_modules/ansi-styles": {
      "version": "1.1.0",
      "license": "MIT",
      "engines": {
        "node": ">=0.10.0"
      }
    },
    "node_modules/argparse": {
      "version": "0.1.16",
      "license": "MIT",
      "dependencies": {
        "underscore": "~1.7.0",
        "underscore.string": "~2.4.0"
      }
    },
    "node_modules/argparse/node_modules/underscore.string": {
      "version": "2.4.0",
      "engines": {
        "node": "*"
      }
    },
    "node_modules/asap": {
      "version": "1.0.0",
      "optional": true
    },
    "node_modules/asn1": {
      "version": "0.2.3",
      "license": "MIT",
      "optional": true
    },
    "node_modules/assert-plus": {
      "version": "0.2.0",
      "license": "MIT",
      "optional": true,
      "engines": {
        "node": ">=0.8"
      }
    },
    "node_modules/async": {
      "version": "0.1.22",
      "engines": {
        "node": "*"
      }
    },
    "node_modules/aws-sign2": {
      "version": "0.6.0",
      "license": "Apache-2.0",
      "optional": true,
      "engines": {
        "node": "*"
      }
    },
    "node_modules/aws4": {
      "version": "1.4.1",
      "license": "MIT",
      "optional": true
    },
    "node_modules/bl": {
      "version": "1.1.2",
      "license": "MIT",
      "optional": true,
      "dependencies": {
        "readable-stream": "~2.0.5"
      }
    },
    "node_modules/boom": {
      "version": "2.10.1",
      "license": "BSD-3-Clause",
      "optional": true,
      "dependencies": {
        "hoek": "2.x.x"
      },
      "engines": {
        "node": ">=0.10.40"
      }
    },
    "node_modules/caseless": {
      "version": "0.11.0",
      "license": "Apache-2.0",
      "optional": true
    },
    "node_modules/chalk": {
      "version": "0.5.1",
      "license": "MIT",
      "dependencies": {
        "ansi-styles": "^1.1.0",
        "escape-string-regexp": "^1.0.0",
        "has-ansi": "^0.1.0",
        "strip-ansi": "^0.3.0",
        "supports-color": "^0.2.0"
      },
      "engines": {
        "node": ">=0.10.0"
      }
    },
    "node_modules/coffee-script": {
      "version": "1.3.3",
      "bin": {
        "cake": "bin/cake",
        "coffee": "bin/coffee"
      },
      "engines": {
        "node": ">=0.4.0"
      }
    },
    "node_modules/colors": {
      "version": "0.6.2",
      "engines": {
        "node": ">=0.1.90"
      }
    },
    "node_modules/combined-stream": {
      "version": "1.0.5",
      "license": "MIT",
      "optional": true,
      "dependencies": {
        "delayed-stream": "~1.0.0"
      },
      "engines": {
        "node": ">= 0.8"
      }
    },
    "node_modules/commander": {
      "version": "2.9.0",
      "license": "MIT",
      "optional": true,
      "dependencies": {
        "graceful-readlink": ">= 1.0.0"
      },
      "engines": {
        "node": ">= 0.6.x"
      }
    },
    "node_modules/core-util-is": {
      "version": "1.0.2",
      "license": "MIT",
      "optional": true
    },
    "node_modules/cryptiles": {
      "version": "2.0.5",
      "license": "BSD-3-Clause",
      "optional": true,
      "dependencies": {
        "boom": "2.x.x"
      },
      "engines": {
        "node": ">=0.10.40"
      }
    },
    "node_modules/dashdash": {
      "version": "1.14.0",
      "license": "MIT",
      "optional": true,
      "dependencies": {
        "assert-plus": "^1.0.0"
      },
      "engines": {
        "node": ">=0.10"
      }
    },
    "node_modules/dashdash/node_modules/assert-plus": {
      "version": "1.0.0",
      "license": "MIT",
      "optional": true,
      "engines": {
        "node": ">=0.8"
      }
    },
    "node_modules/dateformat": {
      "version": "1.0.2-1.2.3",
      "engines": {
        "node": "*"
      }
    },
    "node_modules/debug": {
      "version": "0.7.4",
      "engines": {
        "node": "*"
      }
    },
    "node_modules/delayed-stream": {
      "version": "1.0.0",
      "license": "MIT",
      "optional": true,
      "engines": {
        "node": ">=0.4.0"
      }
    },
    "node_modules/ecc-jsbn": {
      "version": "0.1.1",
      "license": "MIT",
      "optional": true,
      "dependencies": {
        "jsbn": "~0.1.0"
      }
    },
    "node_modules/errno": {
      "version": "0.1.4",
      "license": "MIT",
      "optional": true,
      "dependencies": {
        "prr": "~0.0.0"
      },
      "bin": {
        "errno": "cli.js"
      }
    },
    "node_modules/escape-string-regexp": {
      "version": "1.0.5",
      "license": "MIT",
      "engines": {
        "node": ">=0.8.0"
      }
    },
    "node_modules/esprima": {
      "version": "1.0.4",
      "bin": {
        "esparse": "bin/esparse.js",
        "esvalidate": "bin/esvalidate.js"
      },
      "engines": {
        "node": ">=0.4.0"
      }
    },
    "node_modules/eventemitter2": {
      "version": "0.4.14",
      "license": "MIT"
    },
    "node_modules/exit": {
      "version": "0.1.2",
      "engines": {
        "node": ">= 0.8.0"
      }
    },
    "node_modules/extend": {
      "version": "3.0.0",
      "license": "MIT",
      "optional": true
    },
    "node_modules/extsprintf": {
      "version": "1.0.2",
      "engines": [
        "node >=0.6.0"
      ],
      "optional": true
    },
    "node_modules/faye-websocket": {
      "version": "0.4.4",
      "engines": {
        "node": ">=0.4.0"
      }
    },
    "node_modules/findup-sync": {
      "version": "0.1.3",
      "dependencies": {
        "glob": "~3.2.9",
        "lodash": "~2.4.1"
      },
      "engines": {
        "node": ">= 0.6.0"
      }
    },
    "node_modules/findup-sync/node_modules/glob": {
      "version": "3.2.11",
      "license": "BSD",
      "dependencies": {
        "inherits": "2",
        "minimatch": "0.3"
      },
      "engines": {
        "node": "*"
      }
    },
    "node_modules/findup-sync/node_modules/lodash": {
      "version": "2.4.2",
      "engines": [
        "node",
        "rhino"
      ],
      "license": "MIT"
    },
    "node_modules/findup-sync/node_modules/minimatch": {
      "version": "0.3.0",
      "deprecated": "Please update to minimatch 3.0.2 or higher to avoid a RegExp DoS issue",
      "license": "MIT",
      "dependencies": {
        "lru-cache": "2",
        "sigmund": "~1.0.0"
      },
      "engines": {
        "node": "*"
      }
    },
    "node_modules/forever-agent": {
      "version": "0.6.1",
      "license": "Apache-2.0",
      "optional": true,
      "engines": {
        "node": "*"
      }
    },
    "node_modules/form-data": {
      "version": "1.0.0-rc4",
      "license": "MIT",
      "optional": true,
      "dependencies": {
        "async": "^1.5.2",
        "combined-stream": "^1.0.5",
        "mime-types": "^2.1.10"
      },
      "engines": {
        "node": ">= 0.10"
      }
    },
    "node_modules/form-data/node_modules/async": {
      "version": "1.5.2",
      "license": "MIT",
      "optional": true
    },
    "node_modules/gaze": {
      "version": "0.4.3",
      "dependencies": {
        "globule": "~0.1.0"
      },
      "engines": {
        "node": ">= 0.8.0"
      }
    },
    "node_modules/generate-function": {
      "version": "2.0.0",
      "license": "MIT",
      "optional": true
    },
    "node_modules/generate-object-property": {
      "version": "1.2.0",
      "license": "MIT",
      "optional": true,
      "dependencies": {
        "is-property": "^1.0.0"
      }
    },
    "node_modules/getobject": {
      "version": "0.1.0",
      "engines": {
        "node": ">= 0.8.0"
      }
    },
    "node_modules/getpass": {
      "version": "0.1.6",
      "license": "MIT",
      "optional": true,
      "dependencies": {
        "assert-plus": "^1.0.0"
      }
    },
    "node_modules/getpass/node_modules/assert-plus": {
      "version": "1.0.0",
      "license": "MIT",
      "optional": true,
      "engines": {
        "node": ">=0.8"
      }
    },
    "node_modules/glob": {
      "version": "3.1.21",
      "license": "BSD",
      "dependencies": {
        "graceful-fs": "~1.2.0",
        "inherits": "1",
        "minimatch": "~0.2.11"
      },
      "engines": {
        "node": "*"
      }
    },
    "node_modules/glob/node_modules/inherits": {
      "version": "1.0.2"
    },
    "node_modules/globule": {
      "version": "0.1.0",
      "dependencies": {
        "glob": "~3.1.21",
        "lodash": "~1.0.1",
        "minimatch": "~0.2.11"
      },
      "engines": {
        "node": ">= 0.8.0"
      }
    },
    "node_modules/globule/node_modules/lodash": {
      "version": "1.0.2",
      "deprecated": "lodash@<3.0.0 is no longer maintained. Upgrade to lodash@^4.0.0.",
      "engines": [
        "node",
        "rhino"
      ],
      "license": "MIT"
    },
    "node_modules/graceful-fs": {
      "version": "1.2.3",
      "deprecated": "graceful-fs v3.0.0 and before will fail on node releases >= v7.0. Please update to graceful-fs@^4.0.0 as soon as possible. Use 'npm ls graceful-fs' to find it in the tree.",
      "license": "BSD",
      "engines": {
        "node": ">=0.4.0"
      }
    },
    "node_modules/graceful-readlink": {
      "version": "1.0.1",
      "license": "MIT",
      "optional": true
    },
    "node_modules/grunt": {
      "version": "0.4.5",
      "dependencies": {
        "async": "~0.1.22",
        "coffee-script": "~1.3.3",
        "colors": "~0.6.2",
        "dateformat": "1.0.2-1.2.3",
        "eventemitter2": "~0.4.13",
        "exit": "~0.1.1",
        "findup-sync": "~0.1.2",
        "getobject": "~0.1.0",
        "glob": "~3.1.21",
        "grunt-legacy-log": "~0.1.0",
        "grunt-legacy-util": "~0.2.0",
        "hooker": "~0.2.3",
        "iconv-lite": "~0.2.11",
        "js-yaml": "~2.0.5",
        "lodash": "~0.9.2",
        "minimatch": "~0.2.12",
        "nopt": "~1.0.10",
        "rimraf": "~2.2.8",
        "underscore.string": "~2.2.1",
        "which": "~1.0.5"
      },
      "engines": {
        "node": ">= 0.8.0"
      }
    },
    "node_modules/grunt-contrib-less": {
      "version": "1.0.1",
      "dependencies": {
        "async": "^0.9.0",
        "chalk": "^0.5.1",
        "less": "~2.4.0",
        "lodash": "^2.4.1"
      },
      "engines": {
        "node": ">=0.10.0"
      },
      "peerDependencies": {
        "grunt": "~0.4.5"
      }
    },
    "node_modules/grunt-contrib-less/node_modules/async": {
      "version": "0.9.2",
      "license": "MIT"
    },
    "node_modules/grunt-contrib-less/node_modules/lodash": {
      "version": "2.4.2",
      "engines": [
        "node",
        "rhino"
      ],
      "license": "MIT"
    },
    "node_modules/grunt-contrib-watch": {
      "version": "0.5.3",
      "dependencies": {
        "gaze": "~0.4.0",
        "tiny-lr": "0.0.4"
      },
      "engines": {
        "node": ">= 0.8.0"
      },
      "peerDependencies": {
        "grunt": "~0.4.0"
      }
    },
    "node_modules/grunt-legacy-log": {
      "version": "0.1.3",
      "license": "MIT",
      "dependencies": {
        "colors": "~0.6.2",
        "grunt-legacy-log-utils": "~0.1.1",
        "hooker": "~0.2.3",
        "lodash": "~2.4.1",
        "underscore.string": "~2.3.3"
      },
      "engines": {
        "node": ">= 0.8.0"
      }
    },
    "node_modules/grunt-legacy-log-utils": {
      "version": "0.1.1",
      "dependencies": {
        "colors": "~0.6.2",
        "lodash": "~2.4.1",
        "underscore.string": "~2.3.3"
      },
      "engines": {
        "node": ">= 0.8.0"
      }
    },
    "node_modules/grunt-legacy-log-utils/node_modules/lodash": {
      "version": "2.4.2",
      "engines": [
        "node",
        "rhino"
      ],
      "license": "MIT"
    },
    "node_modules/grunt-legacy-log-utils/node_modules/underscore.string": {
      "version": "2.3.3",
      "engines": {
        "node": "*"
      }
    },
    "node_modules/grunt-legacy-log/node_modules/lodash": {
      "version": "2.4.2",
      "engines": [
        "node",
        "rhino"
      ],
      "license": "MIT"
    },
    "node_modules/grunt-legacy-log/node_modules/underscore.string": {
      "version": "2.3.3",
      "engines": {
        "node": "*"
      }
    },
    "node_modules/grunt-legacy-util": {
      "version": "0.2.0",
      "dependencies": {
        "async": "~0.1.22",
        "exit": "~0.1.1",
        "getobject": "~0.1.0",
        "hooker": "~0.2.3",
        "lodash": "~0.9.2",
        "underscore.string": "~2.2.1",
        "which": "~1.0.5"
      },
      "engines": {
        "node": ">= 0.8.0"
      }
    },
    "node_modules/grunt-nunjucks": {
      "version": "0.1.4",
      "engines": {
        "node": ">= 0.8.0"
      },
      "peerDependencies": {
        "grunt": ">=0.4.1",
        "nunjucks": "*"
      }
    },
    "node_modules/har-validator": {
      "version": "2.0.6",
      "license": "ISC",
      "optional": true,
      "dependencies": {
        "chalk": "^1.1.1",
        "commander": "^2.9.0",
        "is-my-json-valid": "^2.12.4",
        "pinkie-promise": "^2.0.0"
      },
      "bin": {
        "har-validator": "bin/har-validator"
      },
      "engines": {
        "node": ">=0.10"
      }
    },
    "node_modules/har-validator/node_modules/ansi-regex": {
      "version": "2.0.0",
      "license": "MIT",
      "optional": true,
      "engines": {
        "node": ">=0.10.0"
      }
    },
    "node_modules/har-validator/node_modules/ansi-styles": {
      "version": "2.2.1",
      "license": "MIT",
      "optional": true,
      "engines": {
        "node": ">=0.10.0"
      }
    },
    "node_modules/har-validator/node_modules/chalk": {
      "version": "1.1.3",
      "license": "MIT",
      "optional": true,
      "dependencies": {
        "ansi-styles": "^2.2.1",
        "escape-string-regexp": "^1.0.2",
        "has-ansi": "^2.0.0",
        "strip-ansi": "^3.0.0",
        "supports-color": "^2.0.0"
      },
      "engines": {
        "node": ">=0.10.0"
      }
    },
    "node_modules/har-validator/node_modules/has-ansi": {
      "version": "2.0.0",
      "license": "MIT",
      "optional": true,
      "dependencies": {
        "ansi-regex": "^2.0.0"
      },
      "engines": {
        "node": ">=0.10.0"
      }
    },
    "node_modules/har-validator/node_modules/strip-ansi": {
      "version": "3.0.1",
      "license": "MIT",
      "optional": true,
      "dependencies": {
        "ansi-regex": "^2.0.0"
      },
      "engines": {
        "node": ">=0.10.0"
      }
    },
    "node_modules/har-validator/node_modules/supports-color": {
      "version": "2.0.0",
      "license": "MIT",
      "optional": true,
      "engines": {
        "node": ">=0.8.0"
      }
    },
    "node_modules/has-ansi": {
      "version": "0.1.0",
      "license": "MIT",
      "dependencies": {
        "ansi-regex": "^0.2.0"
      },
      "bin": {
        "has-ansi": "cli.js"
      },
      "engines": {
        "node": ">=0.10.0"
      }
    },
    "node_modules/hawk": {
      "version": "3.1.3",
      "license": "BSD-3-Clause",
      "optional": true,
      "dependencies": {
        "boom": "2.x.x",
        "cryptiles": "2.x.x",
        "hoek": "2.x.x",
        "sntp": "1.x.x"
      },
      "engines": {
        "node": ">=0.10.32"
      }
    },
    "node_modules/hoek": {
      "version": "2.16.3",
      "license": "BSD-3-Clause",
      "optional": true,
      "engines": {
        "node": ">=0.10.40"
      }
    },
    "node_modules/hooker": {
      "version": "0.2.3",
      "engines": {
        "node": "*"
      }
    },
    "node_modules/http-signature": {
      "version": "1.1.1",
      "license": "MIT",
      "optional": true,
      "dependencies": {
        "assert-plus": "^0.2.0",
        "jsprim": "^1.2.2",
        "sshpk": "^1.7.0"
      },
      "engines": {
        "node": ">=0.8",
        "npm": ">=1.3.7"
      }
    },
    "node_modules/iconv-lite": {
      "version": "0.2.11",
      "license": "MIT",
      "engines": {
        "node": ">=0.4.0"
      }
    },
    "node_modules/image-size": {
      "version": "0.3.5",
      "license": "MIT",
      "optional": true,
      "bin": {
        "image-size": "bin/image-size"
      },
      "engines": {
        "node": ">=0.10.0"
      }
    },
    "node_modules/inherits": {
      "version": "2.0.1",
      "license": "ISC"
    },
    "node_modules/is-my-json-valid": {
      "version": "2.13.1",
      "license": "MIT",
      "optional": true,
      "dependencies": {
        "generate-function": "^2.0.0",
        "generate-object-property": "^1.1.0",
        "jsonpointer": "2.0.0",
        "xtend": "^4.0.0"
      }
    },
    "node_modules/is-property": {
      "version": "1.0.2",
      "license": "MIT",
      "optional": true
    },
    "node_modules/is-typedarray": {
      "version": "1.0.0",
      "license": "MIT",
      "optional": true
    },
    "node_modules/isarray": {
      "version": "1.0.0",
      "license": "MIT",
      "optional": true
    },
    "node_modules/isstream": {
      "version": "0.1.2",
      "license": "MIT",
      "optional": true
    },
    "node_modules/jodid25519": {
      "version": "1.0.2",
      "license": "MIT",
      "optional": true,
      "dependencies": {
        "jsbn": "~0.1.0"
      }
    },
    "node_modules/js-yaml": {
      "version": "2.0.5",
      "license": "MIT",
      "dependencies": {
        "argparse": "~ 0.1.11",
        "esprima": "~ 1.0.2"
      },
      "bin": {
        "js-yaml": "bin/js-yaml.js"
      },
      "engines": {
        "node": ">= 0.6.0"
      }
    },
    "node_modules/jsbn": {
      "version": "0.1.0",
      "license": "BSD",
      "optional": true
    },
    "node_modules/json-schema": {
      "version": "0.2.2",
      "optional": true
    },
    "node_modules/json-stringify-safe": {
      "version": "5.0.1",
      "license": "ISC",
      "optional": true
    },
    "node_modules/jsonpointer": {
      "version": "2.0.0",
      "license": "MIT",
      "optional": true,
      "engines": {
        "node": ">=0.6.0"
      }
    },
    "node_modules/jsprim": {
      "version": "1.3.0",
      "engines": [
        "node >=0.6.0"
      ],
      "license": "MIT",
      "optional": true,
      "dependencies": {
        "extsprintf": "1.0.2",
        "json-schema": "0.2.2",
        "verror": "1.3.6"
      }
    },
    "node_modules/less": {
      "version": "2.4.0",
      "bin": {
        "lessc": "bin/lessc"
      },
      "engines": {
        "node": ">=0.10.0"
      },
      "optionalDependencies": {
        "errno": "^0.1.1",
        "graceful-fs": "^3.0.5",
        "image-size": "~0.3.5",
        "mime": "^1.2.11",
        "mkdirp": "^0.5.0",
        "promise": "^6.0.1",
        "request": "^2.51.0",
        "source-map": "^0.2.0"
      }
    },
    "node_modules/less/node_modules/graceful-fs": {
      "version": "3.0.8",
      "deprecated": "graceful-fs v3.0.0 and before will fail on node releases >= v7.0. Please update to graceful-fs@^4.0.0 as soon as possible. Use 'npm ls graceful-fs' to find it in the tree.",
      "license": "ISC",
      "optional": true,
      "engines": {
        "node": ">=0.4.0"
      }
    },
    "node_modules/lodash": {
      "version": "0.9.2",
      "engines": [
        "node",
        "rhino"
      ],
      "license": "MIT"
    },
    "node_modules/lru-cache": {
      "version": "2.7.3",
      "license": "ISC"
    },
    "node_modules/mime": {
      "version": "1.3.4",
      "optional": true,
      "bin": {
        "mime": "cli.js"
      }
    },
    "node_modules/mime-db": {
      "version": "1.23.0",
      "license": "MIT",
      "optional": true,
      "engines": {
        "node": ">= 0.6"
      }
    },
    "node_modules/mime-types": {
      "version": "2.1.11",
      "license": "MIT",
      "optional": true,
      "dependencies": {
        "mime-db": "~1.23.0"
      },
      "engines": {
        "node": ">= 0.6"
      }
    },
    "node_modules/minimatch": {
      "version": "0.2.14",
      "deprecated": "Please update to minimatch 3.0.2 or higher to avoid a RegExp DoS issue",
      "license": "MIT",
      "dependencies": {
        "lru-cache": "2",
        "sigmund": "~1.0.0"
      },
      "engines": {
        "node": "*"
      }
    },
    "node_modules/minimist": {
      "version": "0.0.8",
      "license": "MIT",
      "optional": true
    },
    "node_modules/mkdirp": {
      "version": "0.5.1",
      "license": "MIT",
      "optional": true,
      "dependencies": {
        "minimist": "0.0.8"
      },
      "bin": {
        "mkdirp": "bin/cmd.js"
      }
    },
    "node_modules/node-uuid": {
      "version": "1.4.7",
      "optional": true,
      "bin": {
        "uuid": "bin/uuid"
      }
    },
    "node_modules/nopt": {
      "version": "1.0.10",
      "license": "MIT",
      "dependencies": {
        "abbrev": "1"
      },
      "bin": {
        "nopt": "bin/nopt.js"
      },
      "engines": {
        "node": "*"
      }
    },
    "node_modules/noptify": {
      "version": "0.0.3",
      "resolved": "https://registry.npmjs.org/noptify/-/noptify-0.0.3.tgz",
      "integrity": "sha512-EZT35r9AuK+hig+iYv4144kwfDEDhlj3zncVHw9b9d86TUYk/67BtBApkfPD1kslAT/8TTD262xdsVbV+iCSTw==",
      "dependencies": {
        "nopt": "~2.0.0"
      }
    },
    "node_modules/noptify/node_modules/nopt": {
      "version": "2.0.0",
      "license": "MIT",
      "dependencies": {
        "abbrev": "1"
      },
      "bin": {
        "nopt": "bin/nopt.js"
      }
    },
    "node_modules/nunjucks": {
      "version": "3.2.4",
      "resolved": "https://registry.npmjs.org/nunjucks/-/nunjucks-3.2.4.tgz",
      "integrity": "sha512-26XRV6BhkgK0VOxfbU5cQI+ICFUtMLixv1noZn1tGU38kQH5A5nmmbk/O45xdyBhD1esk47nKrY0mvQpZIhRjQ==",
      "dependencies": {
        "a-sync-waterfall": "^1.0.0",
        "asap": "^2.0.3",
        "commander": "^5.1.0"
      },
      "bin": {
        "nunjucks-precompile": "bin/precompile"
      },
      "engines": {
        "node": ">= 6.9.0"
      },
      "peerDependencies": {
        "chokidar": "^3.3.0"
      },
      "peerDependenciesMeta": {
        "chokidar": {
          "optional": true
        }
      }
    },
    "node_modules/nunjucks/node_modules/asap": {
      "version": "2.0.4",
      "license": "MIT"
    },
    "node_modules/nunjucks/node_modules/commander": {
      "version": "5.1.0",
      "resolved": "https://registry.npmjs.org/commander/-/commander-5.1.0.tgz",
      "integrity": "sha512-P0CysNDQ7rtVw4QIQtm+MRxV66vKFSvlsQvGYXZWR3qFU0jlMKHZZZgw8e+8DSah4UDKMqnknRDQz+xuQXQ/Zg==",
      "engines": {
        "node": ">= 6"
      }
    },
    "node_modules/oauth-sign": {
      "version": "0.8.2",
      "license": "Apache-2.0",
      "optional": true,
      "engines": {
        "node": "*"
      }
    },
    "node_modules/pinkie": {
      "version": "2.0.4",
      "license": "MIT",
      "optional": true,
      "engines": {
        "node": ">=0.10.0"
      }
    },
    "node_modules/pinkie-promise": {
      "version": "2.0.1",
      "license": "MIT",
      "optional": true,
      "dependencies": {
        "pinkie": "^2.0.0"
      },
      "engines": {
        "node": ">=0.10.0"
      }
    },
    "node_modules/process-nextick-args": {
      "version": "1.0.7",
      "license": "MIT",
      "optional": true
    },
    "node_modules/promise": {
      "version": "6.1.0",
      "license": "MIT",
      "optional": true,
      "dependencies": {
        "asap": "~1.0.0"
      }
    },
    "node_modules/prr": {
      "version": "0.0.0",
      "license": "MIT",
      "optional": true
    },
    "node_modules/qs": {
      "version": "6.2.0",
      "license": "BSD-3-Clause",
      "optional": true,
      "engines": {
        "node": ">=0.6"
      }
    },
    "node_modules/readable-stream": {
      "version": "2.0.6",
      "license": "MIT",
      "optional": true,
      "dependencies": {
        "core-util-is": "~1.0.0",
        "inherits": "~2.0.1",
        "isarray": "~1.0.0",
        "process-nextick-args": "~1.0.6",
        "string_decoder": "~0.10.x",
        "util-deprecate": "~1.0.1"
      }
    },
    "node_modules/request": {
      "version": "2.73.0",
      "license": "Apache-2.0",
      "optional": true,
      "dependencies": {
        "aws-sign2": "~0.6.0",
        "aws4": "^1.2.1",
        "bl": "~1.1.2",
        "caseless": "~0.11.0",
        "combined-stream": "~1.0.5",
        "extend": "~3.0.0",
        "forever-agent": "~0.6.1",
        "form-data": "~1.0.0-rc4",
        "har-validator": "~2.0.6",
        "hawk": "~3.1.3",
        "http-signature": "~1.1.0",
        "is-typedarray": "~1.0.0",
        "isstream": "~0.1.2",
        "json-stringify-safe": "~5.0.1",
        "mime-types": "~2.1.7",
        "node-uuid": "~1.4.7",
        "oauth-sign": "~0.8.1",
        "qs": "~6.2.0",
        "stringstream": "~0.0.4",
        "tough-cookie": "~2.2.0",
        "tunnel-agent": "~0.4.1"
      },
      "engines": {
        "node": ">=0.8.0"
      }
    },
    "node_modules/rimraf": {
      "version": "2.2.8",
      "license": "MIT",
      "bin": {
        "rimraf": "bin.js"
      }
    },
    "node_modules/sigmund": {
      "version": "1.0.1",
      "license": "ISC"
    },
    "node_modules/sntp": {
      "version": "1.0.9",
      "optional": true,
      "dependencies": {
        "hoek": "2.x.x"
      },
      "engines": {
        "node": ">=0.8.0"
      }
    },
    "node_modules/source-map": {
      "version": "0.2.0",
      "optional": true,
      "dependencies": {
        "amdefine": ">=0.0.4"
      },
      "engines": {
        "node": ">=0.8.0"
      }
    },
    "node_modules/sshpk": {
      "version": "1.8.3",
      "license": "MIT",
      "optional": true,
      "dependencies": {
        "asn1": "~0.2.3",
        "assert-plus": "^1.0.0",
        "dashdash": "^1.12.0",
        "getpass": "^0.1.1"
      },
      "bin": {
        "sshpk-conv": "bin/sshpk-conv",
        "sshpk-sign": "bin/sshpk-sign",
        "sshpk-verify": "bin/sshpk-verify"
      },
      "engines": {
        "node": ">=0.10.0"
      },
      "optionalDependencies": {
        "ecc-jsbn": "~0.1.1",
        "jodid25519": "^1.0.0",
        "jsbn": "~0.1.0",
        "tweetnacl": "~0.13.0"
      }
    },
    "node_modules/sshpk/node_modules/assert-plus": {
      "version": "1.0.0",
      "license": "MIT",
      "optional": true,
      "engines": {
        "node": ">=0.8"
      }
    },
    "node_modules/string_decoder": {
      "version": "0.10.31",
      "license": "MIT",
      "optional": true
    },
    "node_modules/stringstream": {
      "version": "0.0.5",
      "license": "MIT",
      "optional": true
    },
    "node_modules/strip-ansi": {
      "version": "0.3.0",
      "license": "MIT",
      "dependencies": {
        "ansi-regex": "^0.2.1"
      },
      "bin": {
        "strip-ansi": "cli.js"
      },
      "engines": {
        "node": ">=0.10.0"
      }
    },
    "node_modules/supports-color": {
      "version": "0.2.0",
      "license": "MIT",
      "bin": {
        "supports-color": "cli.js"
      },
      "engines": {
        "node": ">=0.10.0"
      }
    },
    "node_modules/tiny-lr": {
      "version": "0.0.4",
      "dependencies": {
        "debug": "~0.7.0",
        "faye-websocket": "~0.4.3",
        "noptify": "latest",
        "qs": "~0.5.2"
      },
      "bin": {
        "tiny-lr": "bin/tiny-lr"
      }
    },
    "node_modules/tiny-lr/node_modules/qs": {
      "version": "0.5.6",
      "engines": {
        "node": "*"
      }
    },
    "node_modules/tough-cookie": {
      "version": "2.2.2",
      "license": "BSD-3-Clause",
      "optional": true,
      "engines": {
        "node": ">=0.10.0"
      }
    },
    "node_modules/tunnel-agent": {
      "version": "0.4.3",
      "license": "Apache-2.0",
      "optional": true,
      "engines": {
        "node": "*"
      }
    },
    "node_modules/tweetnacl": {
      "version": "0.13.3",
      "license": "Public domain",
      "optional": true
    },
    "node_modules/underscore": {
      "version": "1.7.0"
    },
    "node_modules/underscore.string": {
      "version": "2.2.1",
      "engines": {
        "node": "*"
      }
    },
    "node_modules/util-deprecate": {
      "version": "1.0.2",
      "license": "MIT",
      "optional": true
    },
    "node_modules/verror": {
      "version": "1.3.6",
      "engines": [
        "node >=0.6.0"
      ],
      "optional": true,
      "dependencies": {
        "extsprintf": "1.0.2"
      }
    },
    "node_modules/which": {
      "version": "1.0.9",
      "license": "ISC",
      "bin": {
        "which": "bin/which"
      }
    },
    "node_modules/xtend": {
      "version": "4.0.1",
      "license": "MIT",
      "optional": true,
      "engines": {
        "node": ">=0.4"
      }
    }
  },
  "dependencies": {
    "a-sync-waterfall": {
      "version": "1.0.1",
      "resolved": "https://registry.npmjs.org/a-sync-waterfall/-/a-sync-waterfall-1.0.1.tgz",
      "integrity": "sha512-RYTOHHdWipFUliRFMCS4X2Yn2X8M87V/OpSqWzKKOGhzqyUxzyVmhHDH9sAvG+ZuQf/TAOFsLCpMw09I1ufUnA=="
    },
    "abbrev": {
      "version": "1.0.9"
    },
    "amdefine": {
      "version": "1.0.0",
      "optional": true
    },
    "ansi-regex": {
      "version": "0.2.1"
    },
    "ansi-styles": {
      "version": "1.1.0"
    },
    "argparse": {
      "version": "0.1.16",
      "requires": {
        "underscore": "~1.7.0",
        "underscore.string": "~2.4.0"
      },
      "dependencies": {
        "underscore.string": {
          "version": "2.4.0"
        }
      }
    },
    "asap": {
      "version": "1.0.0",
      "optional": true
    },
    "asn1": {
      "version": "0.2.3",
      "optional": true
    },
    "assert-plus": {
      "version": "0.2.0",
      "optional": true
    },
    "async": {
      "version": "0.1.22"
    },
    "aws-sign2": {
      "version": "0.6.0",
      "optional": true
    },
    "aws4": {
      "version": "1.4.1",
      "optional": true
    },
    "bl": {
      "version": "1.1.2",
      "optional": true,
      "requires": {
        "readable-stream": "~2.0.5"
      }
    },
    "boom": {
      "version": "2.10.1",
      "optional": true,
      "requires": {
        "hoek": "2.x.x"
      }
    },
    "caseless": {
      "version": "0.11.0",
      "optional": true
    },
    "chalk": {
      "version": "0.5.1",
      "requires": {
        "ansi-styles": "^1.1.0",
        "escape-string-regexp": "^1.0.0",
        "has-ansi": "^0.1.0",
        "strip-ansi": "^0.3.0",
        "supports-color": "^0.2.0"
      }
    },
    "coffee-script": {
      "version": "1.3.3"
    },
    "colors": {
      "version": "0.6.2"
    },
    "combined-stream": {
      "version": "1.0.5",
      "optional": true,
      "requires": {
        "delayed-stream": "~1.0.0"
      }
    },
    "commander": {
      "version": "2.9.0",
      "optional": true,
      "requires": {
        "graceful-readlink": ">= 1.0.0"
      }
    },
    "core-util-is": {
      "version": "1.0.2",
      "optional": true
    },
    "cryptiles": {
      "version": "2.0.5",
      "optional": true,
      "requires": {
        "boom": "2.x.x"
      }
    },
    "dashdash": {
      "version": "1.14.0",
      "optional": true,
      "requires": {
        "assert-plus": "^1.0.0"
      },
      "dependencies": {
        "assert-plus": {
          "version": "1.0.0",
          "optional": true
        }
      }
    },
    "dateformat": {
      "version": "1.0.2-1.2.3"
    },
    "debug": {
      "version": "0.7.4"
    },
    "delayed-stream": {
      "version": "1.0.0",
      "optional": true
    },
    "ecc-jsbn": {
      "version": "0.1.1",
      "optional": true,
      "requires": {
        "jsbn": "~0.1.0"
      }
    },
    "errno": {
      "version": "0.1.4",
      "optional": true,
      "requires": {
        "prr": "~0.0.0"
      }
    },
    "escape-string-regexp": {
      "version": "1.0.5"
    },
    "esprima": {
      "version": "1.0.4"
    },
    "eventemitter2": {
      "version": "0.4.14"
    },
    "exit": {
      "version": "0.1.2"
    },
    "extend": {
      "version": "3.0.0",
      "optional": true
    },
    "extsprintf": {
      "version": "1.0.2",
      "optional": true
    },
    "faye-websocket": {
      "version": "0.4.4"
    },
    "findup-sync": {
      "version": "0.1.3",
      "requires": {
        "glob": "~3.2.9",
        "lodash": "~2.4.1"
      },
      "dependencies": {
        "glob": {
          "version": "3.2.11",
          "requires": {
            "inherits": "2",
            "minimatch": "0.3"
          }
        },
        "lodash": {
          "version": "2.4.2"
        },
        "minimatch": {
          "version": "0.3.0",
          "requires": {
            "lru-cache": "2",
            "sigmund": "~1.0.0"
          }
        }
      }
    },
    "forever-agent": {
      "version": "0.6.1",
      "optional": true
    },
    "form-data": {
      "version": "1.0.0-rc4",
      "optional": true,
      "requires": {
        "async": "^1.5.2",
        "combined-stream": "^1.0.5",
        "mime-types": "^2.1.10"
      },
      "dependencies": {
        "async": {
          "version": "1.5.2",
          "optional": true
        }
      }
    },
    "gaze": {
      "version": "0.4.3",
      "requires": {
        "globule": "~0.1.0"
      }
    },
    "generate-function": {
      "version": "2.0.0",
      "optional": true
    },
    "generate-object-property": {
      "version": "1.2.0",
      "optional": true,
      "requires": {
        "is-property": "^1.0.0"
      }
    },
    "getobject": {
      "version": "0.1.0"
    },
    "getpass": {
      "version": "0.1.6",
      "optional": true,
      "requires": {
        "assert-plus": "^1.0.0"
      },
      "dependencies": {
        "assert-plus": {
          "version": "1.0.0",
          "optional": true
        }
      }
    },
    "glob": {
      "version": "3.1.21",
      "requires": {
        "graceful-fs": "~1.2.0",
        "inherits": "1",
        "minimatch": "~0.2.11"
      },
      "dependencies": {
        "inherits": {
          "version": "1.0.2"
        }
      }
    },
    "globule": {
      "version": "0.1.0",
      "requires": {
        "glob": "~3.1.21",
        "lodash": "~1.0.1",
        "minimatch": "~0.2.11"
      },
      "dependencies": {
        "lodash": {
          "version": "1.0.2"
        }
      }
    },
    "graceful-fs": {
      "version": "1.2.3"
    },
    "graceful-readlink": {
      "version": "1.0.1",
      "optional": true
    },
    "grunt": {
      "version": "0.4.5",
      "requires": {
        "async": "~0.1.22",
        "coffee-script": "~1.3.3",
        "colors": "~0.6.2",
        "dateformat": "1.0.2-1.2.3",
        "eventemitter2": "~0.4.13",
        "exit": "~0.1.1",
        "findup-sync": "~0.1.2",
        "getobject": "~0.1.0",
        "glob": "~3.1.21",
        "grunt-legacy-log": "~0.1.0",
        "grunt-legacy-util": "~0.2.0",
        "hooker": "~0.2.3",
        "iconv-lite": "~0.2.11",
        "js-yaml": "~2.0.5",
        "lodash": "~0.9.2",
        "minimatch": "~0.2.12",
        "nopt": "~1.0.10",
        "rimraf": "~2.2.8",
        "underscore.string": "~2.2.1",
        "which": "~1.0.5"
      }
    },
    "grunt-contrib-less": {
      "version": "1.0.1",
      "requires": {
        "async": "^0.9.0",
        "chalk": "^0.5.1",
        "less": "~2.4.0",
        "lodash": "^2.4.1"
      },
      "dependencies": {
        "async": {
          "version": "0.9.2"
        },
        "lodash": {
          "version": "2.4.2"
        }
      }
    },
    "grunt-contrib-watch": {
      "version": "0.5.3",
      "requires": {
        "gaze": "~0.4.0",
        "tiny-lr": "0.0.4"
      }
    },
    "grunt-legacy-log": {
      "version": "0.1.3",
      "requires": {
        "colors": "~0.6.2",
        "grunt-legacy-log-utils": "~0.1.1",
        "hooker": "~0.2.3",
        "lodash": "~2.4.1",
        "underscore.string": "~2.3.3"
      },
      "dependencies": {
        "lodash": {
          "version": "2.4.2"
        },
        "underscore.string": {
          "version": "2.3.3"
        }
      }
    },
    "grunt-legacy-log-utils": {
      "version": "0.1.1",
      "requires": {
        "colors": "~0.6.2",
        "lodash": "~2.4.1",
        "underscore.string": "~2.3.3"
      },
      "dependencies": {
        "lodash": {
          "version": "2.4.2"
        },
        "underscore.string": {
          "version": "2.3.3"
        }
      }
    },
    "grunt-legacy-util": {
      "version": "0.2.0",
      "requires": {
        "async": "~0.1.22",
        "exit": "~0.1.1",
        "getobject": "~0.1.0",
        "hooker": "~0.2.3",
        "lodash": "~0.9.2",
        "underscore.string": "~2.2.1",
        "which": "~1.0.5"
      }
    },
    "grunt-nunjucks": {
      "version": "0.1.4",
      "requires": {}
    },
    "har-validator": {
      "version": "2.0.6",
      "optional": true,
      "requires": {
        "chalk": "^1.1.1",
        "commander": "^2.9.0",
        "is-my-json-valid": "^2.12.4",
        "pinkie-promise": "^2.0.0"
      },
      "dependencies": {
        "ansi-regex": {
          "version": "2.0.0",
          "optional": true
        },
        "ansi-styles": {
          "version": "2.2.1",
          "optional": true
        },
        "chalk": {
          "version": "1.1.3",
          "optional": true,
          "requires": {
            "ansi-styles": "^2.2.1",
            "escape-string-regexp": "^1.0.2",
            "has-ansi": "^2.0.0",
            "strip-ansi": "^3.0.0",
            "supports-color": "^2.0.0"
          }
        },
        "has-ansi": {
          "version": "2.0.0",
          "optional": true,
          "requires": {
            "ansi-regex": "^2.0.0"
          }
        },
        "strip-ansi": {
          "version": "3.0.1",
          "optional": true,
          "requires": {
            "ansi-regex": "^2.0.0"
          }
        },
        "supports-color": {
          "version": "2.0.0",
          "optional": true
        }
      }
    },
    "has-ansi": {
      "version": "0.1.0",
      "requires": {
        "ansi-regex": "^0.2.0"
      }
    },
    "hawk": {
      "version": "3.1.3",
      "optional": true,
      "requires": {
        "boom": "2.x.x",
        "cryptiles": "2.x.x",
        "hoek": "2.x.x",
        "sntp": "1.x.x"
      }
    },
    "hoek": {
      "version": "2.16.3",
      "optional": true
    },
    "hooker": {
      "version": "0.2.3"
    },
    "http-signature": {
      "version": "1.1.1",
      "optional": true,
      "requires": {
        "assert-plus": "^0.2.0",
        "jsprim": "^1.2.2",
        "sshpk": "^1.7.0"
      }
    },
    "iconv-lite": {
      "version": "0.2.11"
    },
    "image-size": {
      "version": "0.3.5",
      "optional": true
    },
    "inherits": {
      "version": "2.0.1"
    },
    "is-my-json-valid": {
      "version": "2.13.1",
      "optional": true,
      "requires": {
        "generate-function": "^2.0.0",
        "generate-object-property": "^1.1.0",
        "jsonpointer": "2.0.0",
        "xtend": "^4.0.0"
      }
    },
    "is-property": {
      "version": "1.0.2",
      "optional": true
    },
    "is-typedarray": {
      "version": "1.0.0",
      "optional": true
    },
    "isarray": {
      "version": "1.0.0",
      "optional": true
    },
    "isstream": {
      "version": "0.1.2",
      "optional": true
    },
    "jodid25519": {
      "version": "1.0.2",
      "optional": true,
      "requires": {
        "jsbn": "~0.1.0"
      }
    },
    "js-yaml": {
      "version": "2.0.5",
      "requires": {
        "argparse": "~ 0.1.11",
        "esprima": "~ 1.0.2"
      }
    },
    "jsbn": {
      "version": "0.1.0",
      "optional": true
    },
    "json-schema": {
      "version": "0.2.2",
      "optional": true
    },
    "json-stringify-safe": {
      "version": "5.0.1",
      "optional": true
    },
    "jsonpointer": {
      "version": "2.0.0",
      "optional": true
    },
    "jsprim": {
      "version": "1.3.0",
      "optional": true,
      "requires": {
        "extsprintf": "1.0.2",
        "json-schema": "0.2.2",
        "verror": "1.3.6"
      }
    },
    "less": {
      "version": "2.4.0",
      "requires": {
        "errno": "^0.1.1",
        "graceful-fs": "^3.0.5",
        "image-size": "~0.3.5",
        "mime": "^1.2.11",
        "mkdirp": "^0.5.0",
        "promise": "^6.0.1",
        "request": "^2.51.0",
        "source-map": "^0.2.0"
      },
      "dependencies": {
        "graceful-fs": {
          "version": "3.0.8",
          "optional": true
        }
      }
    },
    "lodash": {
      "version": "0.9.2"
    },
    "lru-cache": {
      "version": "2.7.3"
    },
    "mime": {
      "version": "1.3.4",
      "optional": true
    },
    "mime-db": {
      "version": "1.23.0",
      "optional": true
    },
    "mime-types": {
      "version": "2.1.11",
      "optional": true,
      "requires": {
        "mime-db": "~1.23.0"
      }
    },
    "minimatch": {
      "version": "0.2.14",
      "requires": {
        "lru-cache": "2",
        "sigmund": "~1.0.0"
      }
    },
    "minimist": {
      "version": "0.0.8",
      "optional": true
    },
    "mkdirp": {
      "version": "0.5.1",
      "optional": true,
      "requires": {
        "minimist": "0.0.8"
      }
    },
    "node-uuid": {
      "version": "1.4.7",
      "optional": true
    },
    "nopt": {
      "version": "1.0.10",
      "requires": {
        "abbrev": "1"
      }
    },
    "noptify": {
      "version": "0.0.3",
      "resolved": "https://registry.npmjs.org/noptify/-/noptify-0.0.3.tgz",
      "integrity": "sha512-EZT35r9AuK+hig+iYv4144kwfDEDhlj3zncVHw9b9d86TUYk/67BtBApkfPD1kslAT/8TTD262xdsVbV+iCSTw==",
      "requires": {
        "nopt": "~2.0.0"
      },
      "dependencies": {
        "nopt": {
          "version": "2.0.0",
          "requires": {
            "abbrev": "1"
          }
        }
      }
    },
    "nunjucks": {
      "version": "3.2.4",
      "resolved": "https://registry.npmjs.org/nunjucks/-/nunjucks-3.2.4.tgz",
      "integrity": "sha512-26XRV6BhkgK0VOxfbU5cQI+ICFUtMLixv1noZn1tGU38kQH5A5nmmbk/O45xdyBhD1esk47nKrY0mvQpZIhRjQ==",
      "requires": {
        "a-sync-waterfall": "^1.0.0",
        "asap": "^2.0.3",
        "commander": "^5.1.0"
      },
      "dependencies": {
        "asap": {
          "version": "2.0.4"
        },
        "commander": {
          "version": "5.1.0",
          "resolved": "https://registry.npmjs.org/commander/-/commander-5.1.0.tgz",
          "integrity": "sha512-P0CysNDQ7rtVw4QIQtm+MRxV66vKFSvlsQvGYXZWR3qFU0jlMKHZZZgw8e+8DSah4UDKMqnknRDQz+xuQXQ/Zg=="
        }
      }
    },
    "oauth-sign": {
      "version": "0.8.2",
      "optional": true
    },
    "pinkie": {
      "version": "2.0.4",
      "optional": true
    },
    "pinkie-promise": {
      "version": "2.0.1",
      "optional": true,
      "requires": {
        "pinkie": "^2.0.0"
      }
    },
    "process-nextick-args": {
      "version": "1.0.7",
      "optional": true
    },
    "promise": {
      "version": "6.1.0",
      "optional": true,
      "requires": {
        "asap": "~1.0.0"
      }
    },
    "prr": {
      "version": "0.0.0",
      "optional": true
    },
    "qs": {
      "version": "6.2.0",
      "optional": true
    },
    "readable-stream": {
      "version": "2.0.6",
      "optional": true,
      "requires": {
        "core-util-is": "~1.0.0",
        "inherits": "~2.0.1",
        "isarray": "~1.0.0",
        "process-nextick-args": "~1.0.6",
        "string_decoder": "~0.10.x",
        "util-deprecate": "~1.0.1"
      }
    },
    "request": {
      "version": "2.73.0",
      "optional": true,
      "requires": {
        "aws-sign2": "~0.6.0",
        "aws4": "^1.2.1",
        "bl": "~1.1.2",
        "caseless": "~0.11.0",
        "combined-stream": "~1.0.5",
        "extend": "~3.0.0",
        "forever-agent": "~0.6.1",
        "form-data": "~1.0.0-rc4",
        "har-validator": "~2.0.6",
        "hawk": "~3.1.3",
        "http-signature": "~1.1.0",
        "is-typedarray": "~1.0.0",
        "isstream": "~0.1.2",
        "json-stringify-safe": "~5.0.1",
        "mime-types": "~2.1.7",
        "node-uuid": "~1.4.7",
        "oauth-sign": "~0.8.1",
        "qs": "~6.2.0",
        "stringstream": "~0.0.4",
        "tough-cookie": "~2.2.0",
        "tunnel-agent": "~0.4.1"
      }
    },
    "rimraf": {
      "version": "2.2.8"
    },
    "sigmund": {
      "version": "1.0.1"
    },
    "sntp": {
      "version": "1.0.9",
      "optional": true,
      "requires": {
        "hoek": "2.x.x"
      }
    },
    "source-map": {
      "version": "0.2.0",
      "optional": true,
      "requires": {
        "amdefine": ">=0.0.4"
      }
    },
    "sshpk": {
      "version": "1.8.3",
      "optional": true,
      "requires": {
        "asn1": "~0.2.3",
        "assert-plus": "^1.0.0",
        "dashdash": "^1.12.0",
        "ecc-jsbn": "~0.1.1",
        "getpass": "^0.1.1",
        "jodid25519": "^1.0.0",
        "jsbn": "~0.1.0",
        "tweetnacl": "~0.13.0"
      },
      "dependencies": {
        "assert-plus": {
          "version": "1.0.0",
          "optional": true
        }
      }
    },
    "string_decoder": {
      "version": "0.10.31",
      "optional": true
    },
    "stringstream": {
      "version": "0.0.5",
      "optional": true
    },
    "strip-ansi": {
      "version": "0.3.0",
      "requires": {
        "ansi-regex": "^0.2.1"
      }
    },
    "supports-color": {
      "version": "0.2.0"
    },
    "tiny-lr": {
      "version": "0.0.4",
      "requires": {
        "debug": "~0.7.0",
        "faye-websocket": "~0.4.3",
        "noptify": "latest",
        "qs": "~0.5.2"
      },
      "dependencies": {
        "qs": {
          "version": "0.5.6"
        }
      }
    },
    "tough-cookie": {
      "version": "2.2.2",
      "optional": true
    },
    "tunnel-agent": {
      "version": "0.4.3",
      "optional": true
    },
    "tweetnacl": {
      "version": "0.13.3",
      "optional": true
    },
    "underscore": {
      "version": "1.7.0"
    },
    "underscore.string": {
      "version": "2.2.1"
    },
    "util-deprecate": {
      "version": "1.0.2",
      "optional": true
    },
    "verror": {
      "version": "1.3.6",
      "optional": true,
      "requires": {
        "extsprintf": "1.0.2"
      }
    },
    "which": {
      "version": "1.0.9"
    },
    "xtend": {
      "version": "4.0.1",
      "optional": true
    }
  }
}
